
Microsoft Visual Studio Solution File, Format Version 12.00
# Visual Studio Version 16
VisualStudioVersion = 16.0.810.9
MinimumVisualStudioVersion = 10.0.40219.1
Project("{FAE04EC0-301F-11D3-BF4B-00C04F79EFBC}") = "Code1st", "Code1st.csproj", "{893E1B16-F3BF-4A65-8840-961D204D28BA}"
EndProject
Global
	GlobalSection(SolutionConfigurationPlatforms) = preSolution
		Debug|Any CPU = Debug|Any CPU
		Release|Any CPU = Release|Any CPU
	EndGlobalSection
	GlobalSection(ProjectConfigurationPlatforms) = postSolution
		{893E1B16-F3BF-4A65-8840-961D204D28BA}.Debug|Any CPU.ActiveCfg = Debug|Any CPU
		{893E1B16-F3BF-4A65-8840-961D204D28BA}.Debug|Any CPU.Build.0 = Debug|Any CPU
		{893E1B16-F3BF-4A65-8840-961D204D28BA}.Release|Any CPU.ActiveCfg = Release|Any CPU
		{893E1B16-F3BF-4A65-8840-961D204D28BA}.Release|Any CPU.Build.0 = Release|Any CPU
	EndGlobalSection
	GlobalSection(SolutionProperties) = preSolution
		HideSolutionNode = FALSE
	EndGlobalSection
	GlobalSection(ExtensibilityGlobals) = postSolution
		SolutionGuid = {75BCD128-B271-4263-8672-142ACB7CC3AD}
	EndGlobalSection
EndGlobal
